# THIS IS AN AUTOGENERATED FILE. DO NOT EDIT THIS FILE DIRECTLY.
# yarn lockfile v1


"@rescript/react@0.11.0":
  version "0.11.0"
  resolved "https://registry.yarnpkg.com/@rescript/react/-/react-0.11.0.tgz#d2545546d823bdb8e6b59daa1790098d1666f79e"
  integrity sha512-RzoAO+3cJwXE2D7yodMo4tBO2EkeDYCN/I/Sj/yRweI3S1CY1ZBOF/GMcVtjeIurJJt7KMveqQXTaRrqoGZBBg==

rescript@10.1.3:
  version "10.1.3"
  resolved "https://registry.yarnpkg.com/rescript/-/rescript-10.1.3.tgz#0ff208cef09ea1f8ad38efc171c4942eca72d444"
  integrity sha512-5qaf63As6nkbrMRJ85kZ0ifLzKAGPOGLuoJ4zFVGZIp4oMePRt6bCKWAIX7zgbRDfRPa3jSu+EnoY2873gxaIA==
